
Microsoft Visual Studio Solution File, Format Version 12.00
# Visual Studio Version 17
VisualStudioVersion = 17.7.34009.444
MinimumVisualStudioVersion = 10.0.40219.1
Project("{FAE04EC0-301F-11D3-BF4B-00C04F79EFBC}") = "EJERCICIO2", "EJERCICIO2\EJERCICIO2.csproj", "{028F7CAB-C3F6-4E04-BF4F-075D56D311CC}"
EndProject
Global
	GlobalSection(SolutionConfigurationPlatforms) = preSolution
		Debug|Any CPU = Debug|Any CPU
		Release|Any CPU = Release|Any CPU
	EndGlobalSection
	GlobalSection(ProjectConfigurationPlatforms) = postSolution
		{028F7CAB-C3F6-4E04-BF4F-075D56D311CC}.Debug|Any CPU.ActiveCfg = Debug|Any CPU
		{028F7CAB-C3F6-4E04-BF4F-075D56D311CC}.Debug|Any CPU.Build.0 = Debug|Any CPU
		{028F7CAB-C3F6-4E04-BF4F-075D56D311CC}.Release|Any CPU.ActiveCfg = Release|Any CPU
		{028F7CAB-C3F6-4E04-BF4F-075D56D311CC}.Release|Any CPU.Build.0 = Release|Any CPU
	EndGlobalSection
	GlobalSection(SolutionProperties) = preSolution
		HideSolutionNode = FALSE
	EndGlobalSection
	GlobalSection(ExtensibilityGlobals) = postSolution
		SolutionGuid = {AE8C34D7-78CB-4477-B311-74AEC6664417}
	EndGlobalSection
EndGlobal
